{
  "name": "tree-sitter-dhall",
  "version": "0.0.0",
  "lockfileVersion": 1,
  "requires": true,
  "dependencies": {
    "nan": {
      "version": "2.12.1",
      "resolved": "https://registry.npmjs.org/nan/-/nan-2.12.1.tgz",
      "integrity": "sha512-JY7V6lRkStKcKTvHO5NVSQRv+RV+FIL5pvDoLiAtSL9pKlC5x9PKQcZDsq7m4FO4d57mkhC6Z+QhAh3Jdk5JFw=="
    },
    "tree-sitter-cli": {
      "version": "0.14.5",
      "resolved": "https://registry.npmjs.org/tree-sitter-cli/-/tree-sitter-cli-0.14.5.tgz",
      "integrity": "sha512-YKJGeBKzt86F3573fmGqwU2/IWk6Ygm5p11mNLsM6h/QcJ/tcZNMjfJ+vCTTQeupXtZSj8hYc+yQTdgjKE1NwA==",
      "dev": true
    }
  }
}
